
Microsoft Visual Studio Solution File, Format Version 12.00
# Visual Studio 15
VisualStudioVersion = 15.0.28307.1082
MinimumVisualStudioVersion = 10.0.40219.1
Project("{8BC9CEB8-8B4A-11D0-8D11-00A0C91BC942}") = "Son", "Son\Son.vcxproj", "{2753AF2A-CEA1-42BC-9626-A2FC3DE9E224}"
EndProject
Project("{8BC9CEB8-8B4A-11D0-8D11-00A0C91BC942}") = "Father", "Father\Father.vcxproj", "{8E8C9D95-386E-4C96-BF6A-CE2C30C22B06}"
EndProject
Global
	GlobalSection(SolutionConfigurationPlatforms) = preSolution
		Debug|x64 = Debug|x64
		Debug|x86 = Debug|x86
		Release|x64 = Release|x64
		Release|x86 = Release|x86
	EndGlobalSection
	GlobalSection(ProjectConfigurationPlatforms) = postSolution
		{2753AF2A-CEA1-42BC-9626-A2FC3DE9E224}.Debug|x64.ActiveCfg = Debug|x64
		{2753AF2A-CEA1-42BC-9626-A2FC3DE9E224}.Debug|x64.Build.0 = Debug|x64
		{2753AF2A-CEA1-42BC-9626-A2FC3DE9E224}.Debug|x86.ActiveCfg = Debug|Win32
		{2753AF2A-CEA1-42BC-9626-A2FC3DE9E224}.Debug|x86.Build.0 = Debug|Win32
		{2753AF2A-CEA1-42BC-9626-A2FC3DE9E224}.Release|x64.ActiveCfg = Release|x64
		{2753AF2A-CEA1-42BC-9626-A2FC3DE9E224}.Release|x64.Build.0 = Release|x64
		{2753AF2A-CEA1-42BC-9626-A2FC3DE9E224}.Release|x86.ActiveCfg = Release|Win32
		{2753AF2A-CEA1-42BC-9626-A2FC3DE9E224}.Release|x86.Build.0 = Release|Win32
		{8E8C9D95-386E-4C96-BF6A-CE2C30C22B06}.Debug|x64.ActiveCfg = Debug|x64
		{8E8C9D95-386E-4C96-BF6A-CE2C30C22B06}.Debug|x64.Build.0 = Debug|x64
		{8E8C9D95-386E-4C96-BF6A-CE2C30C22B06}.Debug|x86.ActiveCfg = Debug|Win32
		{8E8C9D95-386E-4C96-BF6A-CE2C30C22B06}.Debug|x86.Build.0 = Debug|Win32
		{8E8C9D95-386E-4C96-BF6A-CE2C30C22B06}.Release|x64.ActiveCfg = Release|x64
		{8E8C9D95-386E-4C96-BF6A-CE2C30C22B06}.Release|x64.Build.0 = Release|x64
		{8E8C9D95-386E-4C96-BF6A-CE2C30C22B06}.Release|x86.ActiveCfg = Release|Win32
		{8E8C9D95-386E-4C96-BF6A-CE2C30C22B06}.Release|x86.Build.0 = Release|Win32
	EndGlobalSection
	GlobalSection(SolutionProperties) = preSolution
		HideSolutionNode = FALSE
	EndGlobalSection
	GlobalSection(ExtensibilityGlobals) = postSolution
		SolutionGuid = {F85664AA-6D5D-4048-B109-8276A512C761}
	EndGlobalSection
EndGlobal
